%{"bear": {:hex, :bear, "0.8.3", "866002127a97932720a0d475d8582c98ec5fb78db3a18dfe7eaf91594d9024b8", [:rebar3], []},
  "edown": {:hex, :edown, "0.7.0", "6803599606b10f8e328d6d60c44cd16244cd2429908894c415fce4211c3bfefd", [:make, :rebar], []},
  "elixometer": {:hex, :elixometer, "1.2.1", "41527a3fb2a4656ac3f721b523deaf4f55c5c901ffdb5e375260c6338dd2c164", [:mix], [{:edown, "~>0.7.0", [hex: :edown, optional: false]}, {:exometer_core, "~>1.4.0", [hex: :exometer_core, optional: false]}, {:lager, "~>3.0.2", [hex: :lager, optional: false]}, {:pobox, "~>1.0.2", [hex: :pobox, optional: false]}]},
  "exometer_core": {:hex, :exometer_core, "1.4.0", "a546ccd38be910de6ea75ea95b724b6b2db513c26f02e30919b25eb19651815a", [:rebar3], [{:edown, "0.7.0", [hex: :edown, optional: false]}, {:folsom, "0.8.3", [hex: :folsom, optional: false]}, {:lager, "3.0.2", [hex: :lager, optional: false]}, {:parse_trans, "2.9.0", [hex: :parse_trans, optional: false]}, {:setup, "1.7.0", [hex: :setup, optional: false]}]},
  "folsom": {:hex, :folsom, "0.8.3", "71cff146152fa95e6092e62119f9dc96888660111e7b61853c8fdcf80598a4e0", [:rebar3], [{:bear, "0.8.3", [hex: :bear, optional: false]}]},
  "goldrush": {:hex, :goldrush, "0.1.9", "f06e5d5f1277da5c413e84d5a2924174182fb108dabb39d5ec548b27424cd106", [:rebar3], []},
  "lager": {:hex, :lager, "3.4.2", "150b9a17b23ae6d3265cc10dc360747621cf217b7a22b8cddf03b2909dbf7aa5", [:rebar3], [{:goldrush, "0.1.9", [hex: :goldrush, optional: false]}]},
  "parse_trans": {:hex, :parse_trans, "2.9.0", "3f5f7b402928fb9fd200c891e635de909045d1efac40ce3f924d3892898f85eb", [:rebar], [{:edown, "> 0.0.0", [hex: :edown, optional: false]}]},
  "pobox": {:hex, :pobox, "1.0.2", "45a5bc91e3cf20f9bc0b94494f00fcdccbc333ab2e0856972b7f0f196fc41613", [:rebar3], []},
  "setup": {:hex, :setup, "1.7.0", "15df8e57c6df9755e22bfb1aef0c640bd97e9889396fdfb2a85a5536a9043674", [:rebar3], []}}
